// !$*UTF8*$!
{
	archiveVersion = 1;
	classes = {
	};
	objectVersion = 55;
	objects = {

/* Begin PBXBuildFile section */
		2CAA20A6A67C8F8C46C0817A /* Pods_Cardoc.framework in Frameworks */ = {isa = PBXBuildFile; fileRef = B565895886C2C4ACDF08F700 /* Pods_Cardoc.framework */; };
		B30AA03681143E8B4CB505AA /* Pods_CardocTests.framework in Frameworks */ = {isa = PBXBuildFile; fileRef = 67977216BD8201D5FF8E6DAE /* Pods_CardocTests.framework */; };
		C511E056CE181672AD4FEE47 /* Pods_Cardoc_CardocUITests.framework in Frameworks */ = {isa = PBXBuildFile; fileRef = BAB6F14912603A954CED59D4 /* Pods_Cardoc_CardocUITests.framework */; };
		D49C505F273B6D45007EBB9E /* AppDelegate.swift in Sources */ = {isa = PBXBuildFile; fileRef = D49C505E273B6D45007EBB9E /* AppDelegate.swift */; };
		D49C5061273B6D45007EBB9E /* SceneDelegate.swift in Sources */ = {isa = PBXBuildFile; fileRef = D49C5060273B6D45007EBB9E /* SceneDelegate.swift */; };
		D49C5063273B6D45007EBB9E /* SearchingUserViewController.swift in Sources */ = {isa = PBXBuildFile; fileRef = D49C5062273B6D45007EBB9E /* SearchingUserViewController.swift */; };
		D49C5066273B6D45007EBB9E /* Main.storyboard in Resources */ = {isa = PBXBuildFile; fileRef = D49C5064273B6D45007EBB9E /* Main.storyboard */; };
		D49C5068273B6D47007EBB9E /* Assets.xcassets in Resources */ = {isa = PBXBuildFile; fileRef = D49C5067273B6D47007EBB9E /* Assets.xcassets */; };
		D49C506B273B6D47007EBB9E /* LaunchScreen.storyboard in Resources */ = {isa = PBXBuildFile; fileRef = D49C5069273B6D47007EBB9E /* LaunchScreen.storyboard */; };
		D49C5076273B6D47007EBB9E /* CardocTests.swift in Sources */ = {isa = PBXBuildFile; fileRef = D49C5075273B6D47007EBB9E /* CardocTests.swift */; };
		D49C5080273B6D47007EBB9E /* CardocUITests.swift in Sources */ = {isa = PBXBuildFile; fileRef = D49C507F273B6D47007EBB9E /* CardocUITests.swift */; };
		D49C5082273B6D47007EBB9E /* CardocUITestsLaunchTests.swift in Sources */ = {isa = PBXBuildFile; fileRef = D49C5081273B6D47007EBB9E /* CardocUITestsLaunchTests.swift */; };
		D49C509C273B8AAF007EBB9E /* UserList.swift in Sources */ = {isa = PBXBuildFile; fileRef = D49C509B273B8AAF007EBB9E /* UserList.swift */; };
		D49C509E273B903D007EBB9E /* Requestable.swift in Sources */ = {isa = PBXBuildFile; fileRef = D49C509D273B903D007EBB9E /* Requestable.swift */; };
		D49C50A0273B91FF007EBB9E /* NetworkDispatcher.swift in Sources */ = {isa = PBXBuildFile; fileRef = D49C509F273B91FF007EBB9E /* NetworkDispatcher.swift */; };
		D49C50A2273B924C007EBB9E /* SessionProtocol.swift in Sources */ = {isa = PBXBuildFile; fileRef = D49C50A1273B924C007EBB9E /* SessionProtocol.swift */; };
		D49C50A4273B935C007EBB9E /* NetworkError.swift in Sources */ = {isa = PBXBuildFile; fileRef = D49C50A3273B935C007EBB9E /* NetworkError.swift */; };
		D49C50A6273B957B007EBB9E /* NetworkTask.swift in Sources */ = {isa = PBXBuildFile; fileRef = D49C50A5273B957B007EBB9E /* NetworkTask.swift */; };
		D49C50AB273BA41B007EBB9E /* UserListDTO + Mapping.swift in Sources */ = {isa = PBXBuildFile; fileRef = D49C50AA273BA41B007EBB9E /* UserListDTO + Mapping.swift */; };
		D49C50AD273BA5C8007EBB9E /* UserListRepository.swift in Sources */ = {isa = PBXBuildFile; fileRef = D49C50AC273BA5C8007EBB9E /* UserListRepository.swift */; };
		D49C50AF273BA8EC007EBB9E /* UserListUseCase.swift in Sources */ = {isa = PBXBuildFile; fileRef = D49C50AE273BA8EC007EBB9E /* UserListUseCase.swift */; };
		D49C50B1273BAAA5007EBB9E /* UserListViewModel.swift in Sources */ = {isa = PBXBuildFile; fileRef = D49C50B0273BAAA5007EBB9E /* UserListViewModel.swift */; };
		D49C50B3273BB105007EBB9E /* UserListCell.swift in Sources */ = {isa = PBXBuildFile; fileRef = D49C50B2273BB105007EBB9E /* UserListCell.swift */; };
/* End PBXBuildFile section */

/* Begin PBXContainerItemProxy section */
		D49C5072273B6D47007EBB9E /* PBXContainerItemProxy */ = {
			isa = PBXContainerItemProxy;
			containerPortal = D49C5053273B6D45007EBB9E /* Project object */;
			proxyType = 1;
			remoteGlobalIDString = D49C505A273B6D45007EBB9E;
			remoteInfo = Cardoc;
		};
		D49C507C273B6D47007EBB9E /* PBXContainerItemProxy */ = {
			isa = PBXContainerItemProxy;
			containerPortal = D49C5053273B6D45007EBB9E /* Project object */;
			proxyType = 1;
			remoteGlobalIDString = D49C505A273B6D45007EBB9E;
			remoteInfo = Cardoc;
		};
/* End PBXContainerItemProxy section */

/* Begin PBXFileReference section */
		0960B04B49DC6B34447C8C91 /* Pods-Cardoc.debug.xcconfig */ = {isa = PBXFileReference; includeInIndex = 1; lastKnownFileType = text.xcconfig; name = "Pods-Cardoc.debug.xcconfig"; path = "Target Support Files/Pods-Cardoc/Pods-Cardoc.debug.xcconfig"; sourceTree = "<group>"; };
		5C7C910A06E04516A8430BA1 /* Pods-Cardoc-CardocUITests.release.xcconfig */ = {isa = PBXFileReference; includeInIndex = 1; lastKnownFileType = text.xcconfig; name = "Pods-Cardoc-CardocUITests.release.xcconfig"; path = "Target Support Files/Pods-Cardoc-CardocUITests/Pods-Cardoc-CardocUITests.release.xcconfig"; sourceTree = "<group>"; };
		67977216BD8201D5FF8E6DAE /* Pods_CardocTests.framework */ = {isa = PBXFileReference; explicitFileType = wrapper.framework; includeInIndex = 0; path = Pods_CardocTests.framework; sourceTree = BUILT_PRODUCTS_DIR; };
		7F5A84C2579A75DEAC69EB37 /* Pods-Cardoc.release.xcconfig */ = {isa = PBXFileReference; includeInIndex = 1; lastKnownFileType = text.xcconfig; name = "Pods-Cardoc.release.xcconfig"; path = "Target Support Files/Pods-Cardoc/Pods-Cardoc.release.xcconfig"; sourceTree = "<group>"; };
		A0456606714928C3BC52B570 /* Pods-Cardoc-CardocUITests.debug.xcconfig */ = {isa = PBXFileReference; includeInIndex = 1; lastKnownFileType = text.xcconfig; name = "Pods-Cardoc-CardocUITests.debug.xcconfig"; path = "Target Support Files/Pods-Cardoc-CardocUITests/Pods-Cardoc-CardocUITests.debug.xcconfig"; sourceTree = "<group>"; };
		B565895886C2C4ACDF08F700 /* Pods_Cardoc.framework */ = {isa = PBXFileReference; explicitFileType = wrapper.framework; includeInIndex = 0; path = Pods_Cardoc.framework; sourceTree = BUILT_PRODUCTS_DIR; };
		BAB6F14912603A954CED59D4 /* Pods_Cardoc_CardocUITests.framework */ = {isa = PBXFileReference; explicitFileType = wrapper.framework; includeInIndex = 0; path = Pods_Cardoc_CardocUITests.framework; sourceTree = BUILT_PRODUCTS_DIR; };
		CB7F8BC84B82FA52E1C9EC69 /* Pods-CardocTests.debug.xcconfig */ = {isa = PBXFileReference; includeInIndex = 1; lastKnownFileType = text.xcconfig; name = "Pods-CardocTests.debug.xcconfig"; path = "Target Support Files/Pods-CardocTests/Pods-CardocTests.debug.xcconfig"; sourceTree = "<group>"; };
		D44C1D04BEA03F1934A9319B /* Pods-CardocTests.release.xcconfig */ = {isa = PBXFileReference; includeInIndex = 1; lastKnownFileType = text.xcconfig; name = "Pods-CardocTests.release.xcconfig"; path = "Target Support Files/Pods-CardocTests/Pods-CardocTests.release.xcconfig"; sourceTree = "<group>"; };
		D49C505B273B6D45007EBB9E /* Cardoc.app */ = {isa = PBXFileReference; explicitFileType = wrapper.application; includeInIndex = 0; path = Cardoc.app; sourceTree = BUILT_PRODUCTS_DIR; };
		D49C505E273B6D45007EBB9E /* AppDelegate.swift */ = {isa = PBXFileReference; lastKnownFileType = sourcecode.swift; path = AppDelegate.swift; sourceTree = "<group>"; };
		D49C5060273B6D45007EBB9E /* SceneDelegate.swift */ = {isa = PBXFileReference; lastKnownFileType = sourcecode.swift; path = SceneDelegate.swift; sourceTree = "<group>"; };
		D49C5062273B6D45007EBB9E /* SearchingUserViewController.swift */ = {isa = PBXFileReference; lastKnownFileType = sourcecode.swift; path = SearchingUserViewController.swift; sourceTree = "<group>"; };
		D49C5065273B6D45007EBB9E /* Base */ = {isa = PBXFileReference; lastKnownFileType = file.storyboard; name = Base; path = Base.lproj/Main.storyboard; sourceTree = "<group>"; };
		D49C5067273B6D47007EBB9E /* Assets.xcassets */ = {isa = PBXFileReference; lastKnownFileType = folder.assetcatalog; path = Assets.xcassets; sourceTree = "<group>"; };
		D49C506A273B6D47007EBB9E /* Base */ = {isa = PBXFileReference; lastKnownFileType = file.storyboard; name = Base; path = Base.lproj/LaunchScreen.storyboard; sourceTree = "<group>"; };
		D49C506C273B6D47007EBB9E /* Info.plist */ = {isa = PBXFileReference; lastKnownFileType = text.plist.xml; path = Info.plist; sourceTree = "<group>"; };
		D49C5071273B6D47007EBB9E /* CardocTests.xctest */ = {isa = PBXFileReference; explicitFileType = wrapper.cfbundle; includeInIndex = 0; path = CardocTests.xctest; sourceTree = BUILT_PRODUCTS_DIR; };
		D49C5075273B6D47007EBB9E /* CardocTests.swift */ = {isa = PBXFileReference; lastKnownFileType = sourcecode.swift; path = CardocTests.swift; sourceTree = "<group>"; };
		D49C507B273B6D47007EBB9E /* CardocUITests.xctest */ = {isa = PBXFileReference; explicitFileType = wrapper.cfbundle; includeInIndex = 0; path = CardocUITests.xctest; sourceTree = BUILT_PRODUCTS_DIR; };
		D49C507F273B6D47007EBB9E /* CardocUITests.swift */ = {isa = PBXFileReference; lastKnownFileType = sourcecode.swift; path = CardocUITests.swift; sourceTree = "<group>"; };
		D49C5081273B6D47007EBB9E /* CardocUITestsLaunchTests.swift */ = {isa = PBXFileReference; lastKnownFileType = sourcecode.swift; path = CardocUITestsLaunchTests.swift; sourceTree = "<group>"; };
		D49C509B273B8AAF007EBB9E /* UserList.swift */ = {isa = PBXFileReference; lastKnownFileType = sourcecode.swift; path = UserList.swift; sourceTree = "<group>"; };
		D49C509D273B903D007EBB9E /* Requestable.swift */ = {isa = PBXFileReference; lastKnownFileType = sourcecode.swift; path = Requestable.swift; sourceTree = "<group>"; };
		D49C509F273B91FF007EBB9E /* NetworkDispatcher.swift */ = {isa = PBXFileReference; lastKnownFileType = sourcecode.swift; path = NetworkDispatcher.swift; sourceTree = "<group>"; };
		D49C50A1273B924C007EBB9E /* SessionProtocol.swift */ = {isa = PBXFileReference; lastKnownFileType = sourcecode.swift; path = SessionProtocol.swift; sourceTree = "<group>"; };
		D49C50A3273B935C007EBB9E /* NetworkError.swift */ = {isa = PBXFileReference; lastKnownFileType = sourcecode.swift; path = NetworkError.swift; sourceTree = "<group>"; };
		D49C50A5273B957B007EBB9E /* NetworkTask.swift */ = {isa = PBXFileReference; lastKnownFileType = sourcecode.swift; path = NetworkTask.swift; sourceTree = "<group>"; };
		D49C50AA273BA41B007EBB9E /* UserListDTO + Mapping.swift */ = {isa = PBXFileReference; lastKnownFileType = sourcecode.swift; path = "UserListDTO + Mapping.swift"; sourceTree = "<group>"; };
		D49C50AC273BA5C8007EBB9E /* UserListRepository.swift */ = {isa = PBXFileReference; lastKnownFileType = sourcecode.swift; path = UserListRepository.swift; sourceTree = "<group>"; };
		D49C50AE273BA8EC007EBB9E /* UserListUseCase.swift */ = {isa = PBXFileReference; lastKnownFileType = sourcecode.swift; path = UserListUseCase.swift; sourceTree = "<group>"; };
		D49C50B0273BAAA5007EBB9E /* UserListViewModel.swift */ = {isa = PBXFileReference; lastKnownFileType = sourcecode.swift; path = UserListViewModel.swift; sourceTree = "<group>"; };
		D49C50B2273BB105007EBB9E /* UserListCell.swift */ = {isa = PBXFileReference; lastKnownFileType = sourcecode.swift; path = UserListCell.swift; sourceTree = "<group>"; };
/* End PBXFileReference section */

/* Begin PBXFrameworksBuildPhase section */
		D49C5058273B6D45007EBB9E /* Frameworks */ = {
			isa = PBXFrameworksBuildPhase;
			buildActionMask = 2147483647;
			files = (
				2CAA20A6A67C8F8C46C0817A /* Pods_Cardoc.framework in Frameworks */,
			);
			runOnlyForDeploymentPostprocessing = 0;
		};
		D49C506E273B6D47007EBB9E /* Frameworks */ = {
			isa = PBXFrameworksBuildPhase;
			buildActionMask = 2147483647;
			files = (
				B30AA03681143E8B4CB505AA /* Pods_CardocTests.framework in Frameworks */,
			);
			runOnlyForDeploymentPostprocessing = 0;
		};
		D49C5078273B6D47007EBB9E /* Frameworks */ = {
			isa = PBXFrameworksBuildPhase;
			buildActionMask = 2147483647;
			files = (
				C511E056CE181672AD4FEE47 /* Pods_Cardoc_CardocUITests.framework in Frameworks */,
			);
			runOnlyForDeploymentPostprocessing = 0;
		};
/* End PBXFrameworksBuildPhase section */

/* Begin PBXGroup section */
		1CD284BD8F7B53FF054A8372 /* Frameworks */ = {
			isa = PBXGroup;
			children = (
				B565895886C2C4ACDF08F700 /* Pods_Cardoc.framework */,
				BAB6F14912603A954CED59D4 /* Pods_Cardoc_CardocUITests.framework */,
				67977216BD8201D5FF8E6DAE /* Pods_CardocTests.framework */,
			);
			name = Frameworks;
			sourceTree = "<group>";
		};
		49300B8279716F57F3E659A1 /* Pods */ = {
			isa = PBXGroup;
			children = (
				0960B04B49DC6B34447C8C91 /* Pods-Cardoc.debug.xcconfig */,
				7F5A84C2579A75DEAC69EB37 /* Pods-Cardoc.release.xcconfig */,
				A0456606714928C3BC52B570 /* Pods-Cardoc-CardocUITests.debug.xcconfig */,
				5C7C910A06E04516A8430BA1 /* Pods-Cardoc-CardocUITests.release.xcconfig */,
				CB7F8BC84B82FA52E1C9EC69 /* Pods-CardocTests.debug.xcconfig */,
				D44C1D04BEA03F1934A9319B /* Pods-CardocTests.release.xcconfig */,
			);
			path = Pods;
			sourceTree = "<group>";
		};
		D49C5052273B6D45007EBB9E = {
			isa = PBXGroup;
			children = (
				D49C505D273B6D45007EBB9E /* Cardoc */,
				D49C5074273B6D47007EBB9E /* CardocTests */,
				D49C507E273B6D47007EBB9E /* CardocUITests */,
				D49C505C273B6D45007EBB9E /* Products */,
				49300B8279716F57F3E659A1 /* Pods */,
				1CD284BD8F7B53FF054A8372 /* Frameworks */,
			);
			sourceTree = "<group>";
		};
		D49C505C273B6D45007EBB9E /* Products */ = {
			isa = PBXGroup;
			children = (
				D49C505B273B6D45007EBB9E /* Cardoc.app */,
				D49C5071273B6D47007EBB9E /* CardocTests.xctest */,
				D49C507B273B6D47007EBB9E /* CardocUITests.xctest */,
			);
			name = Products;
			sourceTree = "<group>";
		};
		D49C505D273B6D45007EBB9E /* Cardoc */ = {
			isa = PBXGroup;
			children = (
				D49C5091273B7253007EBB9E /* Presentation */,
				D49C5090273B7243007EBB9E /* Data */,
				D49C508F273B7239007EBB9E /* Domain */,
				D49C508E273B7231007EBB9E /* Application */,
				D49C5064273B6D45007EBB9E /* Main.storyboard */,
				D49C506C273B6D47007EBB9E /* Info.plist */,
				D49C5092273B726F007EBB9E /* SupportingFiles */,
			);
			path = Cardoc;
			sourceTree = "<group>";
		};
		D49C5074273B6D47007EBB9E /* CardocTests */ = {
			isa = PBXGroup;
			children = (
				D49C5075273B6D47007EBB9E /* CardocTests.swift */,
			);
			path = CardocTests;
			sourceTree = "<group>";
		};
		D49C507E273B6D47007EBB9E /* CardocUITests */ = {
			isa = PBXGroup;
			children = (
				D49C507F273B6D47007EBB9E /* CardocUITests.swift */,
				D49C5081273B6D47007EBB9E /* CardocUITestsLaunchTests.swift */,
			);
			path = CardocUITests;
			sourceTree = "<group>";
		};
		D49C508E273B7231007EBB9E /* Application */ = {
			isa = PBXGroup;
			children = (
				D49C5098273B72E2007EBB9E /* DIContainer */,
				D49C505E273B6D45007EBB9E /* AppDelegate.swift */,
				D49C5060273B6D45007EBB9E /* SceneDelegate.swift */,
			);
			path = Application;
			sourceTree = "<group>";
		};
		D49C508F273B7239007EBB9E /* Domain */ = {
			isa = PBXGroup;
			children = (
				D49C5094273B7290007EBB9E /* UseCases */,
				D49C5093273B7287007EBB9E /* Entities */,
			);
			path = Domain;
			sourceTree = "<group>";
		};
		D49C5090273B7243007EBB9E /* Data */ = {
			isa = PBXGroup;
			children = (
				D49C50A9273BA3FF007EBB9E /* DataMapping */,
				D49C509A273B7308007EBB9E /* Network */,
				D49C5099273B72FE007EBB9E /* Repositories */,
			);
			path = Data;
			sourceTree = "<group>";
		};
		D49C5091273B7253007EBB9E /* Presentation */ = {
			isa = PBXGroup;
			children = (
				D49C5097273B72CE007EBB9E /* Flow */,
				D49C5096273B72BF007EBB9E /* SearchScene */,
				D49C5095273B72B2007EBB9E /* ViewModel */,
			);
			path = Presentation;
			sourceTree = "<group>";
		};
		D49C5092273B726F007EBB9E /* SupportingFiles */ = {
			isa = PBXGroup;
			children = (
				D49C5067273B6D47007EBB9E /* Assets.xcassets */,
				D49C5069273B6D47007EBB9E /* LaunchScreen.storyboard */,
			);
			path = SupportingFiles;
			sourceTree = "<group>";
		};
		D49C5093273B7287007EBB9E /* Entities */ = {
			isa = PBXGroup;
			children = (
				D49C509B273B8AAF007EBB9E /* UserList.swift */,
			);
			path = Entities;
			sourceTree = "<group>";
		};
		D49C5094273B7290007EBB9E /* UseCases */ = {
			isa = PBXGroup;
			children = (
				D49C50AE273BA8EC007EBB9E /* UserListUseCase.swift */,
			);
			path = UseCases;
			sourceTree = "<group>";
		};
		D49C5095273B72B2007EBB9E /* ViewModel */ = {
			isa = PBXGroup;
			children = (
				D49C50B0273BAAA5007EBB9E /* UserListViewModel.swift */,
			);
			path = ViewModel;
			sourceTree = "<group>";
		};
		D49C5096273B72BF007EBB9E /* SearchScene */ = {
			isa = PBXGroup;
			children = (
				D49C5062273B6D45007EBB9E /* SearchingUserViewController.swift */,
				D49C50B2273BB105007EBB9E /* UserListCell.swift */,
			);
			path = SearchScene;
			sourceTree = "<group>";
		};
		D49C5097273B72CE007EBB9E /* Flow */ = {
			isa = PBXGroup;
			children = (
			);
			path = Flow;
			sourceTree = "<group>";
		};
		D49C5098273B72E2007EBB9E /* DIContainer */ = {
			isa = PBXGroup;
			children = (
			);
			path = DIContainer;
			sourceTree = "<group>";
		};
		D49C5099273B72FE007EBB9E /* Repositories */ = {
			isa = PBXGroup;
			children = (
				D49C50AC273BA5C8007EBB9E /* UserListRepository.swift */,
			);
			path = Repositories;
			sourceTree = "<group>";
		};
		D49C509A273B7308007EBB9E /* Network */ = {
			isa = PBXGroup;
			children = (
				D49C509D273B903D007EBB9E /* Requestable.swift */,
				D49C509F273B91FF007EBB9E /* NetworkDispatcher.swift */,
				D49C50A1273B924C007EBB9E /* SessionProtocol.swift */,
				D49C50A3273B935C007EBB9E /* NetworkError.swift */,
				D49C50A5273B957B007EBB9E /* NetworkTask.swift */,
			);
			path = Network;
			sourceTree = "<group>";
		};
		D49C50A9273BA3FF007EBB9E /* DataMapping */ = {
			isa = PBXGroup;
			children = (
				D49C50AA273BA41B007EBB9E /* UserListDTO + Mapping.swift */,
			);
			path = DataMapping;
			sourceTree = "<group>";
		};
/* End PBXGroup section */

/* Begin PBXNativeTarget section */
		D49C505A273B6D45007EBB9E /* Cardoc */ = {
			isa = PBXNativeTarget;
			buildConfigurationList = D49C5085273B6D47007EBB9E /* Build configuration list for PBXNativeTarget "Cardoc" */;
			buildPhases = (
				D6BAC37B24BA6E78E867CA74 /* [CP] Check Pods Manifest.lock */,
				D49C5057273B6D45007EBB9E /* Sources */,
				D49C5058273B6D45007EBB9E /* Frameworks */,
				D49C5059273B6D45007EBB9E /* Resources */,
				9C00A5BD0DA379697B4C09C8 /* [CP] Embed Pods Frameworks */,
			);
			buildRules = (
			);
			dependencies = (
			);
			name = Cardoc;
			productName = Cardoc;
			productReference = D49C505B273B6D45007EBB9E /* Cardoc.app */;
			productType = "com.apple.product-type.application";
		};
		D49C5070273B6D47007EBB9E /* CardocTests */ = {
			isa = PBXNativeTarget;
			buildConfigurationList = D49C5088273B6D47007EBB9E /* Build configuration list for PBXNativeTarget "CardocTests" */;
			buildPhases = (
				700AFB2F87ADCE1FDE04721F /* [CP] Check Pods Manifest.lock */,
				D49C506D273B6D47007EBB9E /* Sources */,
				D49C506E273B6D47007EBB9E /* Frameworks */,
				D49C506F273B6D47007EBB9E /* Resources */,
			);
			buildRules = (
			);
			dependencies = (
				D49C5073273B6D47007EBB9E /* PBXTargetDependency */,
			);
			name = CardocTests;
			productName = CardocTests;
			productReference = D49C5071273B6D47007EBB9E /* CardocTests.xctest */;
			productType = "com.apple.product-type.bundle.unit-test";
		};
		D49C507A273B6D47007EBB9E /* CardocUITests */ = {
			isa = PBXNativeTarget;
			buildConfigurationList = D49C508B273B6D47007EBB9E /* Build configuration list for PBXNativeTarget "CardocUITests" */;
			buildPhases = (
				962F8E65168581890E3FE94D /* [CP] Check Pods Manifest.lock */,
				D49C5077273B6D47007EBB9E /* Sources */,
				D49C5078273B6D47007EBB9E /* Frameworks */,
				D49C5079273B6D47007EBB9E /* Resources */,
				92C1E2131D8C162194A611B8 /* [CP] Embed Pods Frameworks */,
			);
			buildRules = (
			);
			dependencies = (
				D49C507D273B6D47007EBB9E /* PBXTargetDependency */,
			);
			name = CardocUITests;
			productName = CardocUITests;
			productReference = D49C507B273B6D47007EBB9E /* CardocUITests.xctest */;
			productType = "com.apple.product-type.bundle.ui-testing";
		};
/* End PBXNativeTarget section */

/* Begin PBXProject section */
		D49C5053273B6D45007EBB9E /* Project object */ = {
			isa = PBXProject;
			attributes = {
				BuildIndependentTargetsInParallel = 1;
				LastSwiftUpdateCheck = 1310;
				LastUpgradeCheck = 1310;
				TargetAttributes = {
					D49C505A273B6D45007EBB9E = {
						CreatedOnToolsVersion = 13.1;
					};
					D49C5070273B6D47007EBB9E = {
						CreatedOnToolsVersion = 13.1;
						TestTargetID = D49C505A273B6D45007EBB9E;
					};
					D49C507A273B6D47007EBB9E = {
						CreatedOnToolsVersion = 13.1;
						TestTargetID = D49C505A273B6D45007EBB9E;
					};
				};
			};
			buildConfigurationList = D49C5056273B6D45007EBB9E /* Build configuration list for PBXProject "Cardoc" */;
			compatibilityVersion = "Xcode 13.0";
			developmentRegion = en;
			hasScannedForEncodings = 0;
			knownRegions = (
				en,
				Base,
			);
			mainGroup = D49C5052273B6D45007EBB9E;
			productRefGroup = D49C505C273B6D45007EBB9E /* Products */;
			projectDirPath = "";
			projectRoot = "";
			targets = (
				D49C505A273B6D45007EBB9E /* Cardoc */,
				D49C5070273B6D47007EBB9E /* CardocTests */,
				D49C507A273B6D47007EBB9E /* CardocUITests */,
			);
		};
/* End PBXProject section */

/* Begin PBXResourcesBuildPhase section */
		D49C5059273B6D45007EBB9E /* Resources */ = {
			isa = PBXResourcesBuildPhase;
			buildActionMask = 2147483647;
			files = (
				D49C506B273B6D47007EBB9E /* LaunchScreen.storyboard in Resources */,
				D49C5068273B6D47007EBB9E /* Assets.xcassets in Resources */,
				D49C5066273B6D45007EBB9E /* Main.storyboard in Resources */,
			);
			runOnlyForDeploymentPostprocessing = 0;
		};
		D49C506F273B6D47007EBB9E /* Resources */ = {
			isa = PBXResourcesBuildPhase;
			buildActionMask = 2147483647;
			files = (
			);
			runOnlyForDeploymentPostprocessing = 0;
		};
		D49C5079273B6D47007EBB9E /* Resources */ = {
			isa = PBXResourcesBuildPhase;
			buildActionMask = 2147483647;
			files = (
			);
			runOnlyForDeploymentPostprocessing = 0;
		};
/* End PBXResourcesBuildPhase section */

/* Begin PBXShellScriptBuildPhase section */
		700AFB2F87ADCE1FDE04721F /* [CP] Check Pods Manifest.lock */ = {
			isa = PBXShellScriptBuildPhase;
			buildActionMask = 2147483647;
			files = (
			);
			inputFileListPaths = (
			);
			inputPaths = (
				"${PODS_PODFILE_DIR_PATH}/Podfile.lock",
				"${PODS_ROOT}/Manifest.lock",
			);
			name = "[CP] Check Pods Manifest.lock";
			outputFileListPaths = (
			);
			outputPaths = (
				"$(DERIVED_FILE_DIR)/Pods-CardocTests-checkManifestLockResult.txt",
			);
			runOnlyForDeploymentPostprocessing = 0;
			shellPath = /bin/sh;
			shellScript = "diff \"${PODS_PODFILE_DIR_PATH}/Podfile.lock\" \"${PODS_ROOT}/Manifest.lock\" > /dev/null\nif [ $? != 0 ] ; then\n    # print error to STDERR\n    echo \"error: The sandbox is not in sync with the Podfile.lock. Run 'pod install' or update your CocoaPods installation.\" >&2\n    exit 1\nfi\n# This output is used by Xcode 'outputs' to avoid re-running this script phase.\necho \"SUCCESS\" > \"${SCRIPT_OUTPUT_FILE_0}\"\n";
			showEnvVarsInLog = 0;
		};
		92C1E2131D8C162194A611B8 /* [CP] Embed Pods Frameworks */ = {
			isa = PBXShellScriptBuildPhase;
			buildActionMask = 2147483647;
			files = (
			);
			inputFileListPaths = (
				"${PODS_ROOT}/Target Support Files/Pods-Cardoc-CardocUITests/Pods-Cardoc-CardocUITests-frameworks-${CONFIGURATION}-input-files.xcfilelist",
			);
			name = "[CP] Embed Pods Frameworks";
			outputFileListPaths = (
				"${PODS_ROOT}/Target Support Files/Pods-Cardoc-CardocUITests/Pods-Cardoc-CardocUITests-frameworks-${CONFIGURATION}-output-files.xcfilelist",
			);
			runOnlyForDeploymentPostprocessing = 0;
			shellPath = /bin/sh;
			shellScript = "\"${PODS_ROOT}/Target Support Files/Pods-Cardoc-CardocUITests/Pods-Cardoc-CardocUITests-frameworks.sh\"\n";
			showEnvVarsInLog = 0;
		};
		962F8E65168581890E3FE94D /* [CP] Check Pods Manifest.lock */ = {
			isa = PBXShellScriptBuildPhase;
			buildActionMask = 2147483647;
			files = (
			);
			inputFileListPaths = (
			);
			inputPaths = (
				"${PODS_PODFILE_DIR_PATH}/Podfile.lock",
				"${PODS_ROOT}/Manifest.lock",
			);
			name = "[CP] Check Pods Manifest.lock";
			outputFileListPaths = (
			);
			outputPaths = (
				"$(DERIVED_FILE_DIR)/Pods-Cardoc-CardocUITests-checkManifestLockResult.txt",
			);
			runOnlyForDeploymentPostprocessing = 0;
			shellPath = /bin/sh;
			shellScript = "diff \"${PODS_PODFILE_DIR_PATH}/Podfile.lock\" \"${PODS_ROOT}/Manifest.lock\" > /dev/null\nif [ $? != 0 ] ; then\n    # print error to STDERR\n    echo \"error: The sandbox is not in sync with the Podfile.lock. Run 'pod install' or update your CocoaPods installation.\" >&2\n    exit 1\nfi\n# This output is used by Xcode 'outputs' to avoid re-running this script phase.\necho \"SUCCESS\" > \"${SCRIPT_OUTPUT_FILE_0}\"\n";
			showEnvVarsInLog = 0;
		};
		9C00A5BD0DA379697B4C09C8 /* [CP] Embed Pods Frameworks */ = {
			isa = PBXShellScriptBuildPhase;
			buildActionMask = 2147483647;
			files = (
			);
			inputFileListPaths = (
				"${PODS_ROOT}/Target Support Files/Pods-Cardoc/Pods-Cardoc-frameworks-${CONFIGURATION}-input-files.xcfilelist",
			);
			name = "[CP] Embed Pods Frameworks";
			outputFileListPaths = (
				"${PODS_ROOT}/Target Support Files/Pods-Cardoc/Pods-Cardoc-frameworks-${CONFIGURATION}-output-files.xcfilelist",
			);
			runOnlyForDeploymentPostprocessing = 0;
			shellPath = /bin/sh;
			shellScript = "\"${PODS_ROOT}/Target Support Files/Pods-Cardoc/Pods-Cardoc-frameworks.sh\"\n";
			showEnvVarsInLog = 0;
		};
		D6BAC37B24BA6E78E867CA74 /* [CP] Check Pods Manifest.lock */ = {
			isa = PBXShellScriptBuildPhase;
			buildActionMask = 2147483647;
			files = (
			);
			inputFileListPaths = (
			);
			inputPaths = (
				"${PODS_PODFILE_DIR_PATH}/Podfile.lock",
				"${PODS_ROOT}/Manifest.lock",
			);
			name = "[CP] Check Pods Manifest.lock";
			outputFileListPaths = (
			);
			outputPaths = (
				"$(DERIVED_FILE_DIR)/Pods-Cardoc-checkManifestLockResult.txt",
			);
			runOnlyForDeploymentPostprocessing = 0;
			shellPath = /bin/sh;
			shellScript = "diff \"${PODS_PODFILE_DIR_PATH}/Podfile.lock\" \"${PODS_ROOT}/Manifest.lock\" > /dev/null\nif [ $? != 0 ] ; then\n    # print error to STDERR\n    echo \"error: The sandbox is not in sync with the Podfile.lock. Run 'pod install' or update your CocoaPods installation.\" >&2\n    exit 1\nfi\n# This output is used by Xcode 'outputs' to avoid re-running this script phase.\necho \"SUCCESS\" > \"${SCRIPT_OUTPUT_FILE_0}\"\n";
			showEnvVarsInLog = 0;
		};
/* End PBXShellScriptBuildPhase section */

/* Begin PBXSourcesBuildPhase section */
		D49C5057273B6D45007EBB9E /* Sources */ = {
			isa = PBXSourcesBuildPhase;
			buildActionMask = 2147483647;
			files = (
				D49C50B3273BB105007EBB9E /* UserListCell.swift in Sources */,
				D49C509E273B903D007EBB9E /* Requestable.swift in Sources */,
				D49C50A4273B935C007EBB9E /* NetworkError.swift in Sources */,
				D49C509C273B8AAF007EBB9E /* UserList.swift in Sources */,
				D49C50AD273BA5C8007EBB9E /* UserListRepository.swift in Sources */,
				D49C50AF273BA8EC007EBB9E /* UserListUseCase.swift in Sources */,
				D49C50AB273BA41B007EBB9E /* UserListDTO + Mapping.swift in Sources */,
				D49C5063273B6D45007EBB9E /* SearchingUserViewController.swift in Sources */,
				D49C50A6273B957B007EBB9E /* NetworkTask.swift in Sources */,
				D49C50A0273B91FF007EBB9E /* NetworkDispatcher.swift in Sources */,
				D49C50B1273BAAA5007EBB9E /* UserListViewModel.swift in Sources */,
				D49C50A2273B924C007EBB9E /* SessionProtocol.swift in Sources */,
				D49C5063273B6D45007EBB9E /* SearchingUserViewController.swift in Sources */,
				D49C505F273B6D45007EBB9E /* AppDelegate.swift in Sources */,
				D49C5061273B6D45007EBB9E /* SceneDelegate.swift in Sources */,
			);
			runOnlyForDeploymentPostprocessing = 0;
		};
		D49C506D273B6D47007EBB9E /* Sources */ = {
			isa = PBXSourcesBuildPhase;
			buildActionMask = 2147483647;
			files = (
				D49C5076273B6D47007EBB9E /* CardocTests.swift in Sources */,
			);
			runOnlyForDeploymentPostprocessing = 0;
		};
		D49C5077273B6D47007EBB9E /* Sources */ = {
			isa = PBXSourcesBuildPhase;
			buildActionMask = 2147483647;
			files = (
				D49C5082273B6D47007EBB9E /* CardocUITestsLaunchTests.swift in Sources */,
				D49C5080273B6D47007EBB9E /* CardocUITests.swift in Sources */,
			);
			runOnlyForDeploymentPostprocessing = 0;
		};
/* End PBXSourcesBuildPhase section */

/* Begin PBXTargetDependency section */
		D49C5073273B6D47007EBB9E /* PBXTargetDependency */ = {
			isa = PBXTargetDependency;
			target = D49C505A273B6D45007EBB9E /* Cardoc */;
			targetProxy = D49C5072273B6D47007EBB9E /* PBXContainerItemProxy */;
		};
		D49C507D273B6D47007EBB9E /* PBXTargetDependency */ = {
			isa = PBXTargetDependency;
			target = D49C505A273B6D45007EBB9E /* Cardoc */;
			targetProxy = D49C507C273B6D47007EBB9E /* PBXContainerItemProxy */;
		};
/* End PBXTargetDependency section */

/* Begin PBXVariantGroup section */
		D49C5064273B6D45007EBB9E /* Main.storyboard */ = {
			isa = PBXVariantGroup;
			children = (
				D49C5065273B6D45007EBB9E /* Base */,
			);
			name = Main.storyboard;
			sourceTree = "<group>";
		};
		D49C5069273B6D47007EBB9E /* LaunchScreen.storyboard */ = {
			isa = PBXVariantGroup;
			children = (
				D49C506A273B6D47007EBB9E /* Base */,
			);
			name = LaunchScreen.storyboard;
			sourceTree = "<group>";
		};
/* End PBXVariantGroup section */

/* Begin XCBuildConfiguration section */
		D49C5083273B6D47007EBB9E /* Debug */ = {
			isa = XCBuildConfiguration;
			buildSettings = {
				ALWAYS_SEARCH_USER_PATHS = NO;
				CLANG_ANALYZER_NONNULL = YES;
				CLANG_ANALYZER_NUMBER_OBJECT_CONVERSION = YES_AGGRESSIVE;
				CLANG_CXX_LANGUAGE_STANDARD = "gnu++17";
				CLANG_CXX_LIBRARY = "libc++";
				CLANG_ENABLE_MODULES = YES;
				CLANG_ENABLE_OBJC_ARC = YES;
				CLANG_ENABLE_OBJC_WEAK = YES;
				CLANG_WARN_BLOCK_CAPTURE_AUTORELEASING = YES;
				CLANG_WARN_BOOL_CONVERSION = YES;
				CLANG_WARN_COMMA = YES;
				CLANG_WARN_CONSTANT_CONVERSION = YES;
				CLANG_WARN_DEPRECATED_OBJC_IMPLEMENTATIONS = YES;
				CLANG_WARN_DIRECT_OBJC_ISA_USAGE = YES_ERROR;
				CLANG_WARN_DOCUMENTATION_COMMENTS = YES;
				CLANG_WARN_EMPTY_BODY = YES;
				CLANG_WARN_ENUM_CONVERSION = YES;
				CLANG_WARN_INFINITE_RECURSION = YES;
				CLANG_WARN_INT_CONVERSION = YES;
				CLANG_WARN_NON_LITERAL_NULL_CONVERSION = YES;
				CLANG_WARN_OBJC_IMPLICIT_RETAIN_SELF = YES;
				CLANG_WARN_OBJC_LITERAL_CONVERSION = YES;
				CLANG_WARN_OBJC_ROOT_CLASS = YES_ERROR;
				CLANG_WARN_QUOTED_INCLUDE_IN_FRAMEWORK_HEADER = YES;
				CLANG_WARN_RANGE_LOOP_ANALYSIS = YES;
				CLANG_WARN_STRICT_PROTOTYPES = YES;
				CLANG_WARN_SUSPICIOUS_MOVE = YES;
				CLANG_WARN_UNGUARDED_AVAILABILITY = YES_AGGRESSIVE;
				CLANG_WARN_UNREACHABLE_CODE = YES;
				CLANG_WARN__DUPLICATE_METHOD_MATCH = YES;
				COPY_PHASE_STRIP = NO;
				DEBUG_INFORMATION_FORMAT = dwarf;
				ENABLE_STRICT_OBJC_MSGSEND = YES;
				ENABLE_TESTABILITY = YES;
				GCC_C_LANGUAGE_STANDARD = gnu11;
				GCC_DYNAMIC_NO_PIC = NO;
				GCC_NO_COMMON_BLOCKS = YES;
				GCC_OPTIMIZATION_LEVEL = 0;
				GCC_PREPROCESSOR_DEFINITIONS = (
					"DEBUG=1",
					"$(inherited)",
				);
				GCC_WARN_64_TO_32_BIT_CONVERSION = YES;
				GCC_WARN_ABOUT_RETURN_TYPE = YES_ERROR;
				GCC_WARN_UNDECLARED_SELECTOR = YES;
				GCC_WARN_UNINITIALIZED_AUTOS = YES_AGGRESSIVE;
				GCC_WARN_UNUSED_FUNCTION = YES;
				GCC_WARN_UNUSED_VARIABLE = YES;
				IPHONEOS_DEPLOYMENT_TARGET = 15.0;
				MTL_ENABLE_DEBUG_INFO = INCLUDE_SOURCE;
				MTL_FAST_MATH = YES;
				ONLY_ACTIVE_ARCH = YES;
				SDKROOT = iphoneos;
				SWIFT_ACTIVE_COMPILATION_CONDITIONS = DEBUG;
				SWIFT_OPTIMIZATION_LEVEL = "-Onone";
			};
			name = Debug;
		};
		D49C5084273B6D47007EBB9E /* Release */ = {
			isa = XCBuildConfiguration;
			buildSettings = {
				ALWAYS_SEARCH_USER_PATHS = NO;
				CLANG_ANALYZER_NONNULL = YES;
				CLANG_ANALYZER_NUMBER_OBJECT_CONVERSION = YES_AGGRESSIVE;
				CLANG_CXX_LANGUAGE_STANDARD = "gnu++17";
				CLANG_CXX_LIBRARY = "libc++";
				CLANG_ENABLE_MODULES = YES;
				CLANG_ENABLE_OBJC_ARC = YES;
				CLANG_ENABLE_OBJC_WEAK = YES;
				CLANG_WARN_BLOCK_CAPTURE_AUTORELEASING = YES;
				CLANG_WARN_BOOL_CONVERSION = YES;
				CLANG_WARN_COMMA = YES;
				CLANG_WARN_CONSTANT_CONVERSION = YES;
				CLANG_WARN_DEPRECATED_OBJC_IMPLEMENTATIONS = YES;
				CLANG_WARN_DIRECT_OBJC_ISA_USAGE = YES_ERROR;
				CLANG_WARN_DOCUMENTATION_COMMENTS = YES;
				CLANG_WARN_EMPTY_BODY = YES;
				CLANG_WARN_ENUM_CONVERSION = YES;
				CLANG_WARN_INFINITE_RECURSION = YES;
				CLANG_WARN_INT_CONVERSION = YES;
				CLANG_WARN_NON_LITERAL_NULL_CONVERSION = YES;
				CLANG_WARN_OBJC_IMPLICIT_RETAIN_SELF = YES;
				CLANG_WARN_OBJC_LITERAL_CONVERSION = YES;
				CLANG_WARN_OBJC_ROOT_CLASS = YES_ERROR;
				CLANG_WARN_QUOTED_INCLUDE_IN_FRAMEWORK_HEADER = YES;
				CLANG_WARN_RANGE_LOOP_ANALYSIS = YES;
				CLANG_WARN_STRICT_PROTOTYPES = YES;
				CLANG_WARN_SUSPICIOUS_MOVE = YES;
				CLANG_WARN_UNGUARDED_AVAILABILITY = YES_AGGRESSIVE;
				CLANG_WARN_UNREACHABLE_CODE = YES;
				CLANG_WARN__DUPLICATE_METHOD_MATCH = YES;
				COPY_PHASE_STRIP = NO;
				DEBUG_INFORMATION_FORMAT = "dwarf-with-dsym";
				ENABLE_NS_ASSERTIONS = NO;
				ENABLE_STRICT_OBJC_MSGSEND = YES;
				GCC_C_LANGUAGE_STANDARD = gnu11;
				GCC_NO_COMMON_BLOCKS = YES;
				GCC_WARN_64_TO_32_BIT_CONVERSION = YES;
				GCC_WARN_ABOUT_RETURN_TYPE = YES_ERROR;
				GCC_WARN_UNDECLARED_SELECTOR = YES;
				GCC_WARN_UNINITIALIZED_AUTOS = YES_AGGRESSIVE;
				GCC_WARN_UNUSED_FUNCTION = YES;
				GCC_WARN_UNUSED_VARIABLE = YES;
				IPHONEOS_DEPLOYMENT_TARGET = 15.0;
				MTL_ENABLE_DEBUG_INFO = NO;
				MTL_FAST_MATH = YES;
				SDKROOT = iphoneos;
				SWIFT_COMPILATION_MODE = wholemodule;
				SWIFT_OPTIMIZATION_LEVEL = "-O";
				VALIDATE_PRODUCT = YES;
			};
			name = Release;
		};
		D49C5086273B6D47007EBB9E /* Debug */ = {
			isa = XCBuildConfiguration;
			baseConfigurationReference = 0960B04B49DC6B34447C8C91 /* Pods-Cardoc.debug.xcconfig */;
			buildSettings = {
				ASSETCATALOG_COMPILER_APPICON_NAME = AppIcon;
				ASSETCATALOG_COMPILER_GLOBAL_ACCENT_COLOR_NAME = AccentColor;
				CODE_SIGN_STYLE = Automatic;
				CURRENT_PROJECT_VERSION = 1;
				DEVELOPMENT_TEAM = 547KV58FND;
				GENERATE_INFOPLIST_FILE = YES;
				INFOPLIST_FILE = Cardoc/Info.plist;
				INFOPLIST_KEY_UIApplicationSupportsIndirectInputEvents = YES;
				INFOPLIST_KEY_UILaunchStoryboardName = LaunchScreen;
				INFOPLIST_KEY_UIMainStoryboardFile = Main;
				INFOPLIST_KEY_UISupportedInterfaceOrientations_iPad = "UIInterfaceOrientationPortrait UIInterfaceOrientationPortraitUpsideDown UIInterfaceOrientationLandscapeLeft UIInterfaceOrientationLandscapeRight";
				INFOPLIST_KEY_UISupportedInterfaceOrientations_iPhone = "UIInterfaceOrientationPortrait UIInterfaceOrientationLandscapeLeft UIInterfaceOrientationLandscapeRight";
				LD_RUNPATH_SEARCH_PATHS = (
					"$(inherited)",
					"@executable_path/Frameworks",
				);
				MARKETING_VERSION = 1.0;
				PRODUCT_BUNDLE_IDENTIFIER = com.Cardoc;
				PRODUCT_NAME = "$(TARGET_NAME)";
				SWIFT_EMIT_LOC_STRINGS = YES;
				SWIFT_VERSION = 5.0;
				TARGETED_DEVICE_FAMILY = "1,2";
			};
			name = Debug;
		};
		D49C5087273B6D47007EBB9E /* Release */ = {
			isa = XCBuildConfiguration;
			baseConfigurationReference = 7F5A84C2579A75DEAC69EB37 /* Pods-Cardoc.release.xcconfig */;
			buildSettings = {
				ASSETCATALOG_COMPILER_APPICON_NAME = AppIcon;
				ASSETCATALOG_COMPILER_GLOBAL_ACCENT_COLOR_NAME = AccentColor;
				CODE_SIGN_STYLE = Automatic;
				CURRENT_PROJECT_VERSION = 1;
				DEVELOPMENT_TEAM = 547KV58FND;
				GENERATE_INFOPLIST_FILE = YES;
				INFOPLIST_FILE = Cardoc/Info.plist;
				INFOPLIST_KEY_UIApplicationSupportsIndirectInputEvents = YES;
				INFOPLIST_KEY_UILaunchStoryboardName = LaunchScreen;
				INFOPLIST_KEY_UIMainStoryboardFile = Main;
				INFOPLIST_KEY_UISupportedInterfaceOrientations_iPad = "UIInterfaceOrientationPortrait UIInterfaceOrientationPortraitUpsideDown UIInterfaceOrientationLandscapeLeft UIInterfaceOrientationLandscapeRight";
				INFOPLIST_KEY_UISupportedInterfaceOrientations_iPhone = "UIInterfaceOrientationPortrait UIInterfaceOrientationLandscapeLeft UIInterfaceOrientationLandscapeRight";
				LD_RUNPATH_SEARCH_PATHS = (
					"$(inherited)",
					"@executable_path/Frameworks",
				);
				MARKETING_VERSION = 1.0;
				PRODUCT_BUNDLE_IDENTIFIER = com.Cardoc;
				PRODUCT_NAME = "$(TARGET_NAME)";
				SWIFT_EMIT_LOC_STRINGS = YES;
				SWIFT_VERSION = 5.0;
				TARGETED_DEVICE_FAMILY = "1,2";
			};
			name = Release;
		};
		D49C5089273B6D47007EBB9E /* Debug */ = {
			isa = XCBuildConfiguration;
			baseConfigurationReference = CB7F8BC84B82FA52E1C9EC69 /* Pods-CardocTests.debug.xcconfig */;
			buildSettings = {
				ALWAYS_EMBED_SWIFT_STANDARD_LIBRARIES = YES;
				BUNDLE_LOADER = "$(TEST_HOST)";
				CODE_SIGN_STYLE = Automatic;
				CURRENT_PROJECT_VERSION = 1;
				DEVELOPMENT_TEAM = 547KV58FND;
				GENERATE_INFOPLIST_FILE = YES;
				IPHONEOS_DEPLOYMENT_TARGET = 15.0;
				LD_RUNPATH_SEARCH_PATHS = (
					"$(inherited)",
					"@executable_path/Frameworks",
					"@loader_path/Frameworks",
				);
				MARKETING_VERSION = 1.0;
				PRODUCT_BUNDLE_IDENTIFIER = com.CardocTests;
				PRODUCT_NAME = "$(TARGET_NAME)";
				SWIFT_EMIT_LOC_STRINGS = NO;
				SWIFT_VERSION = 5.0;
				TARGETED_DEVICE_FAMILY = "1,2";
				TEST_HOST = "$(BUILT_PRODUCTS_DIR)/Cardoc.app/Cardoc";
			};
			name = Debug;
		};
		D49C508A273B6D47007EBB9E /* Release */ = {
			isa = XCBuildConfiguration;
			baseConfigurationReference = D44C1D04BEA03F1934A9319B /* Pods-CardocTests.release.xcconfig */;
			buildSettings = {
				ALWAYS_EMBED_SWIFT_STANDARD_LIBRARIES = YES;
				BUNDLE_LOADER = "$(TEST_HOST)";
				CODE_SIGN_STYLE = Automatic;
				CURRENT_PROJECT_VERSION = 1;
				DEVELOPMENT_TEAM = 547KV58FND;
				GENERATE_INFOPLIST_FILE = YES;
				IPHONEOS_DEPLOYMENT_TARGET = 15.0;
				LD_RUNPATH_SEARCH_PATHS = (
					"$(inherited)",
					"@executable_path/Frameworks",
					"@loader_path/Frameworks",
				);
				MARKETING_VERSION = 1.0;
				PRODUCT_BUNDLE_IDENTIFIER = com.CardocTests;
				PRODUCT_NAME = "$(TARGET_NAME)";
				SWIFT_EMIT_LOC_STRINGS = NO;
				SWIFT_VERSION = 5.0;
				TARGETED_DEVICE_FAMILY = "1,2";
				TEST_HOST = "$(BUILT_PRODUCTS_DIR)/Cardoc.app/Cardoc";
			};
			name = Release;
		};
		D49C508C273B6D47007EBB9E /* Debug */ = {
			isa = XCBuildConfiguration;
			baseConfigurationReference = A0456606714928C3BC52B570 /* Pods-Cardoc-CardocUITests.debug.xcconfig */;
			buildSettings = {
				ALWAYS_EMBED_SWIFT_STANDARD_LIBRARIES = YES;
				CODE_SIGN_STYLE = Automatic;
				CURRENT_PROJECT_VERSION = 1;
				DEVELOPMENT_TEAM = 547KV58FND;
				GENERATE_INFOPLIST_FILE = YES;
				LD_RUNPATH_SEARCH_PATHS = (
					"$(inherited)",
					"@executable_path/Frameworks",
					"@loader_path/Frameworks",
				);
				MARKETING_VERSION = 1.0;
				PRODUCT_BUNDLE_IDENTIFIER = com.CardocUITests;
				PRODUCT_NAME = "$(TARGET_NAME)";
				SWIFT_EMIT_LOC_STRINGS = NO;
				SWIFT_VERSION = 5.0;
				TARGETED_DEVICE_FAMILY = "1,2";
				TEST_TARGET_NAME = Cardoc;
			};
			name = Debug;
		};
		D49C508D273B6D47007EBB9E /* Release */ = {
			isa = XCBuildConfiguration;
			baseConfigurationReference = 5C7C910A06E04516A8430BA1 /* Pods-Cardoc-CardocUITests.release.xcconfig */;
			buildSettings = {
				ALWAYS_EMBED_SWIFT_STANDARD_LIBRARIES = YES;
				CODE_SIGN_STYLE = Automatic;
				CURRENT_PROJECT_VERSION = 1;
				DEVELOPMENT_TEAM = 547KV58FND;
				GENERATE_INFOPLIST_FILE = YES;
				LD_RUNPATH_SEARCH_PATHS = (
					"$(inherited)",
					"@executable_path/Frameworks",
					"@loader_path/Frameworks",
				);
				MARKETING_VERSION = 1.0;
				PRODUCT_BUNDLE_IDENTIFIER = com.CardocUITests;
				PRODUCT_NAME = "$(TARGET_NAME)";
				SWIFT_EMIT_LOC_STRINGS = NO;
				SWIFT_VERSION = 5.0;
				TARGETED_DEVICE_FAMILY = "1,2";
				TEST_TARGET_NAME = Cardoc;
			};
			name = Release;
		};
/* End XCBuildConfiguration section */

/* Begin XCConfigurationList section */
		D49C5056273B6D45007EBB9E /* Build configuration list for PBXProject "Cardoc" */ = {
			isa = XCConfigurationList;
			buildConfigurations = (
				D49C5083273B6D47007EBB9E /* Debug */,
				D49C5084273B6D47007EBB9E /* Release */,
			);
			defaultConfigurationIsVisible = 0;
			defaultConfigurationName = Release;
		};
		D49C5085273B6D47007EBB9E /* Build configuration list for PBXNativeTarget "Cardoc" */ = {
			isa = XCConfigurationList;
			buildConfigurations = (
				D49C5086273B6D47007EBB9E /* Debug */,
				D49C5087273B6D47007EBB9E /* Release */,
			);
			defaultConfigurationIsVisible = 0;
			defaultConfigurationName = Release;
		};
		D49C5088273B6D47007EBB9E /* Build configuration list for PBXNativeTarget "CardocTests" */ = {
			isa = XCConfigurationList;
			buildConfigurations = (
				D49C5089273B6D47007EBB9E /* Debug */,
				D49C508A273B6D47007EBB9E /* Release */,
			);
			defaultConfigurationIsVisible = 0;
			defaultConfigurationName = Release;
		};
		D49C508B273B6D47007EBB9E /* Build configuration list for PBXNativeTarget "CardocUITests" */ = {
			isa = XCConfigurationList;
			buildConfigurations = (
				D49C508C273B6D47007EBB9E /* Debug */,
				D49C508D273B6D47007EBB9E /* Release */,
			);
			defaultConfigurationIsVisible = 0;
			defaultConfigurationName = Release;
		};
/* End XCConfigurationList section */
	};
	rootObject = D49C5053273B6D45007EBB9E /* Project object */;
}
